<?xml version="1.0" encoding="utf-8"?>
<Project ToolsVersion="4.0" xmlns="http://schemas.microsoft.com/developer/msbuild/2003">
  <ItemGroup>
    <Filter Include="Source Files">
      <UniqueIdentifier>{4FC737F1-C7A5-4376-A066-2A32D752A2FF}</UniqueIdentifier>
      <Extensions>cpp;c;cc;cxx;def;odl;idl;hpj;bat;asm;asmx</Extensions>
    </Filter>
    <Filter Include="Header Files">
      <UniqueIdentifier>{93995380-89BD-4b04-88EB-625FBE52EBFB}</UniqueIdentifier>
      <Extensions>h;hh;hpp;hxx;hm;inl;inc;xsd</Extensions>
    </Filter>
    <Filter Include="Resource Files">
      <UniqueIdentifier>{67DA6AB6-F800-4c08-8B7A-83BB121AAD01}</UniqueIdentifier>
      <Extensions>rc;ico;cur;bmp;dlg;rc2;rct;bin;rgs;gif;jpg;jpeg;jpe;resx;tiff;tif;png;wav;mfcribbon-ms</Extensions>
    </Filter>
    <Filter Include="Header Files\Manager">
      <UniqueIdentifier>{b36501cc-8bd3-4020-9130-f189c14a1a32}</UniqueIdentifier>
    </Filter>
    <Filter Include="Header Files\State">
      <UniqueIdentifier>{f2c333b4-9396-458e-8762-27fe39cc6647}</UniqueIdentifier>
    </Filter>
    <Filter Include="Source Files\Manager">
      <UniqueIdentifier>{001e5d05-a9bb-46f4-a356-62a74b658c0f}</UniqueIdentifier>
    </Filter>
    <Filter Include="Source Files\State">
      <UniqueIdentifier>{a345fe1d-0338-497c-b6bc-d65ac252f7a2}</UniqueIdentifier>
    </Filter>
    <Filter Include="Source Files\Object">
      <UniqueIdentifier>{64b010ec-dc1b-4a6d-9d62-613b08b423ea}</UniqueIdentifier>
    </Filter>
    <Filter Include="Header Files\Object">
      <UniqueIdentifier>{323ab7e9-a714-4b84-a6a6-13f9f4125abe}</UniqueIdentifier>
    </Filter>
  </ItemGroup>
  <ItemGroup>
    <ClInclude Include="include\Game.h">
      <Filter>Header Files</Filter>
    </ClInclude>
    <ClInclude Include="include\DebugDraw.h">
      <Filter>Header Files</Filter>
    </ClInclude>
    <ClInclude Include="include\TextureManager.h">
      <Filter>Header Files\Manager</Filter>
    </ClInclude>
    <ClInclude Include="include\SoundManager.h">
      <Filter>Header Files\Manager</Filter>
    </ClInclude>
    <ClInclude Include="include\ButtonManager.h">
      <Filter>Header Files\Manager</Filter>
    </ClInclude>
    <ClInclude Include="include\BallObject.h">
      <Filter>Header Files\Object</Filter>
    </ClInclude>
    <ClInclude Include="include\PlankObject.h">
      <Filter>Header Files\Object</Filter>
    </ClInclude>
    <ClInclude Include="include\GameObject.h">
      <Filter>Header Files\Object</Filter>
    </ClInclude>
    <ClInclude Include="include\GameState.h">
      <Filter>Header Files\State</Filter>
    </ClInclude>
    <ClInclude Include="include\GameStateCredits.h">
      <Filter>Header Files\State</Filter>
    </ClInclude>
    <ClInclude Include="include\GameStateMenu.h">
      <Filter>Header Files\State</Filter>
    </ClInclude>
    <ClInclude Include="include\GameStatePlaying.h">
      <Filter>Header Files\State</Filter>
    </ClInclude>
    <ClInclude Include="include\ButtonObject.h">
      <Filter>Header Files\Object</Filter>
    </ClInclude>
    <ClInclude Include="include\LevelObject.h">
      <Filter>Header Files\Object</Filter>
    </ClInclude>
    <ClInclude Include="include\FontManager.h">
      <Filter>Header Files\Manager</Filter>
    </ClInclude>
    <ClInclude Include="include\GoalObject.h">
      <Filter>Header Files\Object</Filter>
    </ClInclude>
  </ItemGroup>
  <ItemGroup>
    <ClCompile Include="src\Game.cpp">
      <Filter>Source Files</Filter>
    </ClCompile>
    <ClCompile Include="src\main.cpp">
      <Filter>Source Files</Filter>
    </ClCompile>
    <ClCompile Include="src\DebugDraw.cpp">
      <Filter>Source Files</Filter>
    </ClCompile>
    <ClCompile Include="src\TextureManager.cpp">
      <Filter>Source Files\Manager</Filter>
    </ClCompile>
    <ClCompile Include="src\SoundManager.cpp">
      <Filter>Source Files\Manager</Filter>
    </ClCompile>
    <ClCompile Include="src\ButtonManager.cpp">
      <Filter>Source Files\Manager</Filter>
    </ClCompile>
    <ClCompile Include="src\GameState.cpp">
      <Filter>Source Files\State</Filter>
    </ClCompile>
    <ClCompile Include="src\GameStateCredits.cpp">
      <Filter>Source Files\State</Filter>
    </ClCompile>
    <ClCompile Include="src\GameStateMenu.cpp">
      <Filter>Source Files\State</Filter>
    </ClCompile>
    <ClCompile Include="src\GameStatePlaying.cpp">
      <Filter>Source Files\State</Filter>
    </ClCompile>
    <ClCompile Include="src\BallObject.cpp">
      <Filter>Source Files\Object</Filter>
    </ClCompile>
    <ClCompile Include="src\GameObject.cpp">
      <Filter>Source Files\Object</Filter>
    </ClCompile>
    <ClCompile Include="src\PlankObject.cpp">
      <Filter>Source Files\Object</Filter>
    </ClCompile>
    <ClCompile Include="src\ButtonObject.cpp">
      <Filter>Source Files\Object</Filter>
    </ClCompile>
    <ClCompile Include="src\FontManager.cpp">
      <Filter>Source Files\Manager</Filter>
    </ClCompile>
    <ClCompile Include="src\LevelObject.cpp">
      <Filter>Source Files\Object</Filter>
    </ClCompile>
    <ClCompile Include="src\GoalObject.cpp">
      <Filter>Source Files\Object</Filter>
    </ClCompile>
  </ItemGroup>
</Project>